// !$*UTF8*$!
{
	archiveVersion = 1;
	classes = {
	};
	objectVersion = 56;
	objects = {

/* Begin PBXBuildFile section */
		BA3B3D542A5BB2C900D669EF /* KobeSimpleAlert.docc in Sources */ = {isa = PBXBuildFile; fileRef = BA3B3D532A5BB2C900D669EF /* KobeSimpleAlert.docc */; };
		BA3B3D5A2A5BB2C900D669EF /* KobeSimpleAlert.framework in Frameworks */ = {isa = PBXBuildFile; fileRef = BA3B3D4F2A5BB2C900D669EF /* KobeSimpleAlert.framework */; };
		BA3B3D5F2A5BB2C900D669EF /* KobeSimpleAlertTests.swift in Sources */ = {isa = PBXBuildFile; fileRef = BA3B3D5E2A5BB2C900D669EF /* KobeSimpleAlertTests.swift */; };
		BA3B3D602A5BB2C900D669EF /* KobeSimpleAlert.h in Headers */ = {isa = PBXBuildFile; fileRef = BA3B3D522A5BB2C900D669EF /* KobeSimpleAlert.h */; settings = {ATTRIBUTES = (Public, ); }; };
/* End PBXBuildFile section */

/* Begin PBXContainerItemProxy section */
		BA3B3D5B2A5BB2C900D669EF /* PBXContainerItemProxy */ = {
			isa = PBXContainerItemProxy;
			containerPortal = BA3B3D462A5BB2C900D669EF /* Project object */;
			proxyType = 1;
			remoteGlobalIDString = BA3B3D4E2A5BB2C900D669EF;
			remoteInfo = KobeSimpleAlert;
		};
/* End PBXContainerItemProxy section */

/* Begin PBXFileReference section */
		BA3B3D4F2A5BB2C900D669EF /* KobeSimpleAlert.framework */ = {isa = PBXFileReference; explicitFileType = wrapper.framework; includeInIndex = 0; path = KobeSimpleAlert.framework; sourceTree = BUILT_PRODUCTS_DIR; };
		BA3B3D522A5BB2C900D669EF /* KobeSimpleAlert.h */ = {isa = PBXFileReference; lastKnownFileType = sourcecode.c.h; path = KobeSimpleAlert.h; sourceTree = "<group>"; };
		BA3B3D532A5BB2C900D669EF /* KobeSimpleAlert.docc */ = {isa = PBXFileReference; lastKnownFileType = folder.documentationcatalog; path = KobeSimpleAlert.docc; sourceTree = "<group>"; };
		BA3B3D592A5BB2C900D669EF /* KobeSimpleAlertTests.xctest */ = {isa = PBXFileReference; explicitFileType = wrapper.cfbundle; includeInIndex = 0; path = KobeSimpleAlertTests.xctest; sourceTree = BUILT_PRODUCTS_DIR; };
		BA3B3D5E2A5BB2C900D669EF /* KobeSimpleAlertTests.swift */ = {isa = PBXFileReference; lastKnownFileType = sourcecode.swift; path = KobeSimpleAlertTests.swift; sourceTree = "<group>"; };
/* End PBXFileReference section */

/* Begin PBXFrameworksBuildPhase section */
		BA3B3D4C2A5BB2C900D669EF /* Frameworks */ = {
			isa = PBXFrameworksBuildPhase;
			buildActionMask = 2147483647;
			files = (
			);
			runOnlyForDeploymentPostprocessing = 0;
		};
		BA3B3D562A5BB2C900D669EF /* Frameworks */ = {
			isa = PBXFrameworksBuildPhase;
			buildActionMask = 2147483647;
			files = (
				BA3B3D5A2A5BB2C900D669EF /* KobeSimpleAlert.framework in Frameworks */,
			);
			runOnlyForDeploymentPostprocessing = 0;
		};
/* End PBXFrameworksBuildPhase section */

/* Begin PBXGroup section */
		BA3B3D452A5BB2C900D669EF = {
			isa = PBXGroup;
			children = (
				BA3B3D512A5BB2C900D669EF /* KobeSimpleAlert */,
				BA3B3D5D2A5BB2C900D669EF /* KobeSimpleAlertTests */,
				BA3B3D502A5BB2C900D669EF /* Products */,
			);
			sourceTree = "<group>";
		};
		BA3B3D502A5BB2C900D669EF /* Products */ = {
			isa = PBXGroup;
			children = (
				BA3B3D4F2A5BB2C900D669EF /* KobeSimpleAlert.framework */,
				BA3B3D592A5BB2C900D669EF /* KobeSimpleAlertTests.xctest */,
			);
			name = Products;
			sourceTree = "<group>";
		};
		BA3B3D512A5BB2C900D669EF /* KobeSimpleAlert */ = {
			isa = PBXGroup;
			children = (
				BA3B3D522A5BB2C900D669EF /* KobeSimpleAlert.h */,
				BA3B3D532A5BB2C900D669EF /* KobeSimpleAlert.docc */,
			);
			path = KobeSimpleAlert;
			sourceTree = "<group>";
		};
		BA3B3D5D2A5BB2C900D669EF /* KobeSimpleAlertTests */ = {
			isa = PBXGroup;
			children = (
				BA3B3D5E2A5BB2C900D669EF /* KobeSimpleAlertTests.swift */,
			);
			path = KobeSimpleAlertTests;
			sourceTree = "<group>";
		};
/* End PBXGroup section */

/* Begin PBXHeadersBuildPhase section */
		BA3B3D4A2A5BB2C900D669EF /* Headers */ = {
			isa = PBXHeadersBuildPhase;
			buildActionMask = 2147483647;
			files = (
				BA3B3D602A5BB2C900D669EF /* KobeSimpleAlert.h in Headers */,
			);
			runOnlyForDeploymentPostprocessing = 0;
		};
/* End PBXHeadersBuildPhase section */

/* Begin PBXNativeTarget section */
		BA3B3D4E2A5BB2C900D669EF /* KobeSimpleAlert */ = {
			isa = PBXNativeTarget;
			buildConfigurationList = BA3B3D632A5BB2C900D669EF /* Build configuration list for PBXNativeTarget "KobeSimpleAlert" */;
			buildPhases = (
				BA3B3D4A2A5BB2C900D669EF /* Headers */,
				BA3B3D4B2A5BB2C900D669EF /* Sources */,
				BA3B3D4C2A5BB2C900D669EF /* Frameworks */,
				BA3B3D4D2A5BB2C900D669EF /* Resources */,
			);
			buildRules = (
			);
			dependencies = (
			);
			name = KobeSimpleAlert;
			productName = KobeSimpleAlert;
			productReference = BA3B3D4F2A5BB2C900D669EF /* KobeSimpleAlert.framework */;
			productType = "com.apple.product-type.framework";
		};
		BA3B3D582A5BB2C900D669EF /* KobeSimpleAlertTests */ = {
			isa = PBXNativeTarget;
			buildConfigurationList = BA3B3D662A5BB2C900D669EF /* Build configuration list for PBXNativeTarget "KobeSimpleAlertTests" */;
			buildPhases = (
				BA3B3D552A5BB2C900D669EF /* Sources */,
				BA3B3D562A5BB2C900D669EF /* Frameworks */,
				BA3B3D572A5BB2C900D669EF /* Resources */,
			);
			buildRules = (
			);
			dependencies = (
				BA3B3D5C2A5BB2C900D669EF /* PBXTargetDependency */,
			);
			name = KobeSimpleAlertTests;
			productName = KobeSimpleAlertTests;
			productReference = BA3B3D592A5BB2C900D669EF /* KobeSimpleAlertTests.xctest */;
			productType = "com.apple.product-type.bundle.unit-test";
		};
/* End PBXNativeTarget section */

/* Begin PBXProject section */
		BA3B3D462A5BB2C900D669EF /* Project object */ = {
			isa = PBXProject;
			attributes = {
				BuildIndependentTargetsInParallel = 1;
				LastSwiftUpdateCheck = 1430;
				LastUpgradeCheck = 1430;
				TargetAttributes = {
					BA3B3D4E2A5BB2C900D669EF = {
						CreatedOnToolsVersion = 14.3.1;
					};
					BA3B3D582A5BB2C900D669EF = {
						CreatedOnToolsVersion = 14.3.1;
					};
				};
			};
			buildConfigurationList = BA3B3D492A5BB2C900D669EF /* Build configuration list for PBXProject "KobeSimpleAlert" */;
			compatibilityVersion = "Xcode 14.0";
			developmentRegion = en;
			hasScannedForEncodings = 0;
			knownRegions = (
				en,
				Base,
			);
			mainGroup = BA3B3D452A5BB2C900D669EF;
			productRefGroup = BA3B3D502A5BB2C900D669EF /* Products */;
			projectDirPath = "";
			projectRoot = "";
			targets = (
				BA3B3D4E2A5BB2C900D669EF /* KobeSimpleAlert */,
				BA3B3D582A5BB2C900D669EF /* KobeSimpleAlertTests */,
			);
		};
/* End PBXProject section */

/* Begin PBXResourcesBuildPhase section */
		BA3B3D4D2A5BB2C900D669EF /* Resources */ = {
			isa = PBXResourcesBuildPhase;
			buildActionMask = 2147483647;
			files = (
			);
			runOnlyForDeploymentPostprocessing = 0;
		};
		BA3B3D572A5BB2C900D669EF /* Resources */ = {
			isa = PBXResourcesBuildPhase;
			buildActionMask = 2147483647;
			files = (
			);
			runOnlyForDeploymentPostprocessing = 0;
		};
/* End PBXResourcesBuildPhase section */

/* Begin PBXSourcesBuildPhase section */
		BA3B3D4B2A5BB2C900D669EF /* Sources */ = {
			isa = PBXSourcesBuildPhase;
			buildActionMask = 2147483647;
			files = (
				BA3B3D542A5BB2C900D669EF /* KobeSimpleAlert.docc in Sources */,
			);
			runOnlyForDeploymentPostprocessing = 0;
		};
		BA3B3D552A5BB2C900D669EF /* Sources */ = {
			isa = PBXSourcesBuildPhase;
			buildActionMask = 2147483647;
			files = (
				BA3B3D5F2A5BB2C900D669EF /* KobeSimpleAlertTests.swift in Sources */,
			);
			runOnlyForDeploymentPostprocessing = 0;
		};
/* End PBXSourcesBuildPhase section */

/* Begin PBXTargetDependency section */
		BA3B3D5C2A5BB2C900D669EF /* PBXTargetDependency */ = {
			isa = PBXTargetDependency;
			target = BA3B3D4E2A5BB2C900D669EF /* KobeSimpleAlert */;
			targetProxy = BA3B3D5B2A5BB2C900D669EF /* PBXContainerItemProxy */;
		};
/* End PBXTargetDependency section */

/* Begin XCBuildConfiguration section */
		BA3B3D612A5BB2C900D669EF /* Debug */ = {
			isa = XCBuildConfiguration;
			buildSettings = {
				ALWAYS_SEARCH_USER_PATHS = NO;
				CLANG_ANALYZER_NONNULL = YES;
				CLANG_ANALYZER_NUMBER_OBJECT_CONVERSION = YES_AGGRESSIVE;
				CLANG_CXX_LANGUAGE_STANDARD = "gnu++20";
				CLANG_ENABLE_MODULES = YES;
				CLANG_ENABLE_OBJC_ARC = YES;
				CLANG_ENABLE_OBJC_WEAK = YES;
				CLANG_WARN_BLOCK_CAPTURE_AUTORELEASING = YES;
				CLANG_WARN_BOOL_CONVERSION = YES;
				CLANG_WARN_COMMA = YES;
				CLANG_WARN_CONSTANT_CONVERSION = YES;
				CLANG_WARN_DEPRECATED_OBJC_IMPLEMENTATIONS = YES;
				CLANG_WARN_DIRECT_OBJC_ISA_USAGE = YES_ERROR;
				CLANG_WARN_DOCUMENTATION_COMMENTS = YES;
				CLANG_WARN_EMPTY_BODY = YES;
				CLANG_WARN_ENUM_CONVERSION = YES;
				CLANG_WARN_INFINITE_RECURSION = YES;
				CLANG_WARN_INT_CONVERSION = YES;
				CLANG_WARN_NON_LITERAL_NULL_CONVERSION = YES;
				CLANG_WARN_OBJC_IMPLICIT_RETAIN_SELF = YES;
				CLANG_WARN_OBJC_LITERAL_CONVERSION = YES;
				CLANG_WARN_OBJC_ROOT_CLASS = YES_ERROR;
				CLANG_WARN_QUOTED_INCLUDE_IN_FRAMEWORK_HEADER = YES;
				CLANG_WARN_RANGE_LOOP_ANALYSIS = YES;
				CLANG_WARN_STRICT_PROTOTYPES = YES;
				CLANG_WARN_SUSPICIOUS_MOVE = YES;
				CLANG_WARN_UNGUARDED_AVAILABILITY = YES_AGGRESSIVE;
				CLANG_WARN_UNREACHABLE_CODE = YES;
				CLANG_WARN__DUPLICATE_METHOD_MATCH = YES;
				COPY_PHASE_STRIP = NO;
				CURRENT_PROJECT_VERSION = 1;
				DEBUG_INFORMATION_FORMAT = dwarf;
				ENABLE_STRICT_OBJC_MSGSEND = YES;
				ENABLE_TESTABILITY = YES;
				GCC_C_LANGUAGE_STANDARD = gnu11;
				GCC_DYNAMIC_NO_PIC = NO;
				GCC_NO_COMMON_BLOCKS = YES;
				GCC_OPTIMIZATION_LEVEL = 0;
				GCC_PREPROCESSOR_DEFINITIONS = (
					"DEBUG=1",
					"$(inherited)",
				);
				GCC_WARN_64_TO_32_BIT_CONVERSION = YES;
				GCC_WARN_ABOUT_RETURN_TYPE = YES_ERROR;
				GCC_WARN_UNDECLARED_SELECTOR = YES;
				GCC_WARN_UNINITIALIZED_AUTOS = YES_AGGRESSIVE;
				GCC_WARN_UNUSED_FUNCTION = YES;
				GCC_WARN_UNUSED_VARIABLE = YES;
				IPHONEOS_DEPLOYMENT_TARGET = 16.4;
				MTL_ENABLE_DEBUG_INFO = INCLUDE_SOURCE;
				MTL_FAST_MATH = YES;
				ONLY_ACTIVE_ARCH = YES;
				SDKROOT = iphoneos;
				SWIFT_ACTIVE_COMPILATION_CONDITIONS = DEBUG;
				SWIFT_OPTIMIZATION_LEVEL = "-Onone";
				VERSIONING_SYSTEM = "apple-generic";
				VERSION_INFO_PREFIX = "";
			};
			name = Debug;
		};
		BA3B3D622A5BB2C900D669EF /* Release */ = {
			isa = XCBuildConfiguration;
			buildSettings = {
				ALWAYS_SEARCH_USER_PATHS = NO;
				CLANG_ANALYZER_NONNULL = YES;
				CLANG_ANALYZER_NUMBER_OBJECT_CONVERSION = YES_AGGRESSIVE;
				CLANG_CXX_LANGUAGE_STANDARD = "gnu++20";
				CLANG_ENABLE_MODULES = YES;
				CLANG_ENABLE_OBJC_ARC = YES;
				CLANG_ENABLE_OBJC_WEAK = YES;
				CLANG_WARN_BLOCK_CAPTURE_AUTORELEASING = YES;
				CLANG_WARN_BOOL_CONVERSION = YES;
				CLANG_WARN_COMMA = YES;
				CLANG_WARN_CONSTANT_CONVERSION = YES;
				CLANG_WARN_DEPRECATED_OBJC_IMPLEMENTATIONS = YES;
				CLANG_WARN_DIRECT_OBJC_ISA_USAGE = YES_ERROR;
				CLANG_WARN_DOCUMENTATION_COMMENTS = YES;
				CLANG_WARN_EMPTY_BODY = YES;
				CLANG_WARN_ENUM_CONVERSION = YES;
				CLANG_WARN_INFINITE_RECURSION = YES;
				CLANG_WARN_INT_CONVERSION = YES;
				CLANG_WARN_NON_LITERAL_NULL_CONVERSION = YES;
				CLANG_WARN_OBJC_IMPLICIT_RETAIN_SELF = YES;
				CLANG_WARN_OBJC_LITERAL_CONVERSION = YES;
				CLANG_WARN_OBJC_ROOT_CLASS = YES_ERROR;
				CLANG_WARN_QUOTED_INCLUDE_IN_FRAMEWORK_HEADER = YES;
				CLANG_WARN_RANGE_LOOP_ANALYSIS = YES;
				CLANG_WARN_STRICT_PROTOTYPES = YES;
				CLANG_WARN_SUSPICIOUS_MOVE = YES;
				CLANG_WARN_UNGUARDED_AVAILABILITY = YES_AGGRESSIVE;
				CLANG_WARN_UNREACHABLE_CODE = YES;
				CLANG_WARN__DUPLICATE_METHOD_MATCH = YES;
				COPY_PHASE_STRIP = NO;
				CURRENT_PROJECT_VERSION = 1;
				DEBUG_INFORMATION_FORMAT = "dwarf-with-dsym";
				ENABLE_NS_ASSERTIONS = NO;
				ENABLE_STRICT_OBJC_MSGSEND = YES;
				GCC_C_LANGUAGE_STANDARD = gnu11;
				GCC_NO_COMMON_BLOCKS = YES;
				GCC_WARN_64_TO_32_BIT_CONVERSION = YES;
				GCC_WARN_ABOUT_RETURN_TYPE = YES_ERROR;
				GCC_WARN_UNDECLARED_SELECTOR = YES;
				GCC_WARN_UNINITIALIZED_AUTOS = YES_AGGRESSIVE;
				GCC_WARN_UNUSED_FUNCTION = YES;
				GCC_WARN_UNUSED_VARIABLE = YES;
				IPHONEOS_DEPLOYMENT_TARGET = 16.4;
				MTL_ENABLE_DEBUG_INFO = NO;
				MTL_FAST_MATH = YES;
				SDKROOT = iphoneos;
				SWIFT_COMPILATION_MODE = wholemodule;
				SWIFT_OPTIMIZATION_LEVEL = "-O";
				VALIDATE_PRODUCT = YES;
				VERSIONING_SYSTEM = "apple-generic";
				VERSION_INFO_PREFIX = "";
			};
			name = Release;
		};
		BA3B3D642A5BB2C900D669EF /* Debug */ = {
			isa = XCBuildConfiguration;
			buildSettings = {
				CODE_SIGN_STYLE = Automatic;
				CURRENT_PROJECT_VERSION = 1;
				DEFINES_MODULE = YES;
				DYLIB_COMPATIBILITY_VERSION = 1;
				DYLIB_CURRENT_VERSION = 1;
				DYLIB_INSTALL_NAME_BASE = "@rpath";
				ENABLE_MODULE_VERIFIER = YES;
				GENERATE_INFOPLIST_FILE = YES;
				INFOPLIST_KEY_NSHumanReadableCopyright = "";
				INSTALL_PATH = "$(LOCAL_LIBRARY_DIR)/Frameworks";
				LD_RUNPATH_SEARCH_PATHS = (
					"$(inherited)",
					"@executable_path/Frameworks",
					"@loader_path/Frameworks",
				);
				MARKETING_VERSION = 1.0;
				MODULE_VERIFIER_SUPPORTED_LANGUAGES = "objective-c objective-c++";
				MODULE_VERIFIER_SUPPORTED_LANGUAGE_STANDARDS = "gnu11 gnu++20";
				PRODUCT_BUNDLE_IDENTIFIER = devKobe.KobeSimpleAlert;
				PRODUCT_NAME = "$(TARGET_NAME:c99extidentifier)";
				SKIP_INSTALL = YES;
				SWIFT_EMIT_LOC_STRINGS = YES;
				SWIFT_VERSION = 5.0;
				TARGETED_DEVICE_FAMILY = "1,2";
			};
			name = Debug;
		};
		BA3B3D652A5BB2C900D669EF /* Release */ = {
			isa = XCBuildConfiguration;
			buildSettings = {
				CODE_SIGN_STYLE = Automatic;
				CURRENT_PROJECT_VERSION = 1;
				DEFINES_MODULE = YES;
				DYLIB_COMPATIBILITY_VERSION = 1;
				DYLIB_CURRENT_VERSION = 1;
				DYLIB_INSTALL_NAME_BASE = "@rpath";
				ENABLE_MODULE_VERIFIER = YES;
				GENERATE_INFOPLIST_FILE = YES;
				INFOPLIST_KEY_NSHumanReadableCopyright = "";
				INSTALL_PATH = "$(LOCAL_LIBRARY_DIR)/Frameworks";
				LD_RUNPATH_SEARCH_PATHS = (
					"$(inherited)",
					"@executable_path/Frameworks",
					"@loader_path/Frameworks",
				);
				MARKETING_VERSION = 1.0;
				MODULE_VERIFIER_SUPPORTED_LANGUAGES = "objective-c objective-c++";
				MODULE_VERIFIER_SUPPORTED_LANGUAGE_STANDARDS = "gnu11 gnu++20";
				PRODUCT_BUNDLE_IDENTIFIER = devKobe.KobeSimpleAlert;
				PRODUCT_NAME = "$(TARGET_NAME:c99extidentifier)";
				SKIP_INSTALL = YES;
				SWIFT_EMIT_LOC_STRINGS = YES;
				SWIFT_VERSION = 5.0;
				TARGETED_DEVICE_FAMILY = "1,2";
			};
			name = Release;
		};
		BA3B3D672A5BB2C900D669EF /* Debug */ = {
			isa = XCBuildConfiguration;
			buildSettings = {
				CODE_SIGN_STYLE = Automatic;
				CURRENT_PROJECT_VERSION = 1;
				GENERATE_INFOPLIST_FILE = YES;
				MARKETING_VERSION = 1.0;
				PRODUCT_BUNDLE_IDENTIFIER = devKobe.KobeSimpleAlertTests;
				PRODUCT_NAME = "$(TARGET_NAME)";
				SWIFT_EMIT_LOC_STRINGS = NO;
				SWIFT_VERSION = 5.0;
				TARGETED_DEVICE_FAMILY = "1,2";
			};
			name = Debug;
		};
		BA3B3D682A5BB2C900D669EF /* Release */ = {
			isa = XCBuildConfiguration;
			buildSettings = {
				CODE_SIGN_STYLE = Automatic;
				CURRENT_PROJECT_VERSION = 1;
				GENERATE_INFOPLIST_FILE = YES;
				MARKETING_VERSION = 1.0;
				PRODUCT_BUNDLE_IDENTIFIER = devKobe.KobeSimpleAlertTests;
				PRODUCT_NAME = "$(TARGET_NAME)";
				SWIFT_EMIT_LOC_STRINGS = NO;
				SWIFT_VERSION = 5.0;
				TARGETED_DEVICE_FAMILY = "1,2";
			};
			name = Release;
		};
/* End XCBuildConfiguration section */

/* Begin XCConfigurationList section */
		BA3B3D492A5BB2C900D669EF /* Build configuration list for PBXProject "KobeSimpleAlert" */ = {
			isa = XCConfigurationList;
			buildConfigurations = (
				BA3B3D612A5BB2C900D669EF /* Debug */,
				BA3B3D622A5BB2C900D669EF /* Release */,
			);
			defaultConfigurationIsVisible = 0;
			defaultConfigurationName = Release;
		};
		BA3B3D632A5BB2C900D669EF /* Build configuration list for PBXNativeTarget "KobeSimpleAlert" */ = {
			isa = XCConfigurationList;
			buildConfigurations = (
				BA3B3D642A5BB2C900D669EF /* Debug */,
				BA3B3D652A5BB2C900D669EF /* Release */,
			);
			defaultConfigurationIsVisible = 0;
			defaultConfigurationName = Release;
		};
		BA3B3D662A5BB2C900D669EF /* Build configuration list for PBXNativeTarget "KobeSimpleAlertTests" */ = {
			isa = XCConfigurationList;
			buildConfigurations = (
				BA3B3D672A5BB2C900D669EF /* Debug */,
				BA3B3D682A5BB2C900D669EF /* Release */,
			);
			defaultConfigurationIsVisible = 0;
			defaultConfigurationName = Release;
		};
/* End XCConfigurationList section */
	};
	rootObject = BA3B3D462A5BB2C900D669EF /* Project object */;
}
